Microsoft Visual Studio Solution File, Format Version 11.00
# Visual Studio 2010
Project("{FAE04EC0-301F-11D3-BF4B-00C04F79EFBC}") = "Assembly-CSharp", "Assembly-CSharp.csproj", "{6A34C1E1-E5FE-0358-5C80-15B7D5944853}"
EndProject
Project("{FAE04EC0-301F-11D3-BF4B-00C04F79EFBC}") = "Assembly-CSharp-Editor-firstpass", "Assembly-CSharp-Editor-firstpass.csproj", "{06EEEEF2-5B0A-F90D-93DE-B64625225DE1}"
EndProject
Global
	GlobalSection(SolutionConfigurationPlatforms) = preSolution
		Debug|Any CPU = Debug|Any CPU
		Release|Any CPU = Release|Any CPU
	EndGlobalSection
	GlobalSection(ProjectConfigurationPlatforms) = postSolution
		{6A34C1E1-E5FE-0358-5C80-15B7D5944853}.Debug|Any CPU.ActiveCfg = Debug|Any CPU
		{6A34C1E1-E5FE-0358-5C80-15B7D5944853}.Debug|Any CPU.Build.0 = Debug|Any CPU
		{6A34C1E1-E5FE-0358-5C80-15B7D5944853}.Release|Any CPU.ActiveCfg = Release|Any CPU
		{6A34C1E1-E5FE-0358-5C80-15B7D5944853}.Release|Any CPU.Build.0 = Release|Any CPU
		{06EEEEF2-5B0A-F90D-93DE-B64625225DE1}.Debug|Any CPU.ActiveCfg = Debug|Any CPU
		{06EEEEF2-5B0A-F90D-93DE-B64625225DE1}.Debug|Any CPU.Build.0 = Debug|Any CPU
		{06EEEEF2-5B0A-F90D-93DE-B64625225DE1}.Release|Any CPU.ActiveCfg = Release|Any CPU
		{06EEEEF2-5B0A-F90D-93DE-B64625225DE1}.Release|Any CPU.Build.0 = Release|Any CPU
	EndGlobalSection
	GlobalSection(SolutionProperties) = preSolution
		HideSolutionNode = FALSE
	EndGlobalSection
	GlobalSection(MonoDevelopProperties) = preSolution
		StartupItem = Assembly-CSharp.csproj
	EndGlobalSection
EndGlobal
